
Microsoft Visual Studio Solution File, Format Version 12.00
# Visual Studio Version 17
VisualStudioVersion = 17.6.33829.357
MinimumVisualStudioVersion = 10.0.40219.1
Project("{9A19103F-16F7-4668-BE54-9A1E7A4F7556}") = "L1.SumMatrixElements", "L1.SumMatrixElements\L1.SumMatrixElements.csproj", "{65C382F3-6144-4C51-8BC3-A89FD1C9F444}"
EndProject
Project("{9A19103F-16F7-4668-BE54-9A1E7A4F7556}") = "L2.SumMatrixColumns", "L2.SumMatrixColumns\L2.SumMatrixColumns.csproj", "{7DC5FDFD-FCB0-473B-A83A-D621ECD5CCFB}"
EndProject
Project("{9A19103F-16F7-4668-BE54-9A1E7A4F7556}") = "L3.PrimaryDiagonal", "L3.PrimaryDiagonal\L3.PrimaryDiagonal.csproj", "{F10E54C8-6642-4A72-9BF6-3968E6D5E821}"
EndProject
Project("{9A19103F-16F7-4668-BE54-9A1E7A4F7556}") = "L4.Symbol_in_Matrix", "L4.Symbol_in_Matrix\L4.Symbol_in_Matrix.csproj", "{BFBCCD55-FFC9-4EE1-8E84-1AF52143704A}"
EndProject
Project("{9A19103F-16F7-4668-BE54-9A1E7A4F7556}") = "L5.SquareWithMaximumSum", "L5.SquareWithMaximumSum\L5.SquareWithMaximumSum.csproj", "{70C6BF7D-9932-4A6F-BA2D-03A9A61F9DFC}"
EndProject
Project("{9A19103F-16F7-4668-BE54-9A1E7A4F7556}") = "L6.JaggedArrayModification", "L6.JaggedArrayModification\L6.JaggedArrayModification.csproj", "{E08A9D05-E3C1-4AA1-A93F-97F543397E50}"
EndProject
Project("{9A19103F-16F7-4668-BE54-9A1E7A4F7556}") = "L7.PascalTriangle", "L7.PascalTriangle\L7.PascalTriangle.csproj", "{78742F4A-B066-4AFE-9353-360A859B722B}"
EndProject
Project("{9A19103F-16F7-4668-BE54-9A1E7A4F7556}") = "EX1.DiagonalDifference", "EX1.DiagonalDifference\EX1.DiagonalDifference.csproj", "{841D121C-2165-4F6E-8BC4-81B55E6F3B4E}"
EndProject
Project("{9A19103F-16F7-4668-BE54-9A1E7A4F7556}") = "EX2.SquaresInMatrix", "EX2.SquaresInMatrix\EX2.SquaresInMatrix.csproj", "{F58BA191-FBD2-44D0-ABED-5C1E6D857D3B}"
EndProject
Project("{9A19103F-16F7-4668-BE54-9A1E7A4F7556}") = "EX3.MaximalSum", "EX3.MaximalSum\EX3.MaximalSum.csproj", "{07947463-E3FB-420F-832C-282EF9806727}"
EndProject
Project("{FAE04EC0-301F-11D3-BF4B-00C04F79EFBC}") = "ConsoleApp1", "ConsoleApp1\ConsoleApp1.csproj", "{DE3CA234-5A31-4856-B2DA-3C521E8EB2D1}"
EndProject
Global
	GlobalSection(SolutionConfigurationPlatforms) = preSolution
		Debug|Any CPU = Debug|Any CPU
		Release|Any CPU = Release|Any CPU
	EndGlobalSection
	GlobalSection(ProjectConfigurationPlatforms) = postSolution
		{65C382F3-6144-4C51-8BC3-A89FD1C9F444}.Debug|Any CPU.ActiveCfg = Debug|Any CPU
		{65C382F3-6144-4C51-8BC3-A89FD1C9F444}.Debug|Any CPU.Build.0 = Debug|Any CPU
		{65C382F3-6144-4C51-8BC3-A89FD1C9F444}.Release|Any CPU.ActiveCfg = Release|Any CPU
		{65C382F3-6144-4C51-8BC3-A89FD1C9F444}.Release|Any CPU.Build.0 = Release|Any CPU
		{7DC5FDFD-FCB0-473B-A83A-D621ECD5CCFB}.Debug|Any CPU.ActiveCfg = Debug|Any CPU
		{7DC5FDFD-FCB0-473B-A83A-D621ECD5CCFB}.Debug|Any CPU.Build.0 = Debug|Any CPU
		{7DC5FDFD-FCB0-473B-A83A-D621ECD5CCFB}.Release|Any CPU.ActiveCfg = Release|Any CPU
		{7DC5FDFD-FCB0-473B-A83A-D621ECD5CCFB}.Release|Any CPU.Build.0 = Release|Any CPU
		{F10E54C8-6642-4A72-9BF6-3968E6D5E821}.Debug|Any CPU.ActiveCfg = Debug|Any CPU
		{F10E54C8-6642-4A72-9BF6-3968E6D5E821}.Debug|Any CPU.Build.0 = Debug|Any CPU
		{F10E54C8-6642-4A72-9BF6-3968E6D5E821}.Release|Any CPU.ActiveCfg = Release|Any CPU
		{F10E54C8-6642-4A72-9BF6-3968E6D5E821}.Release|Any CPU.Build.0 = Release|Any CPU
		{BFBCCD55-FFC9-4EE1-8E84-1AF52143704A}.Debug|Any CPU.ActiveCfg = Debug|Any CPU
		{BFBCCD55-FFC9-4EE1-8E84-1AF52143704A}.Debug|Any CPU.Build.0 = Debug|Any CPU
		{BFBCCD55-FFC9-4EE1-8E84-1AF52143704A}.Release|Any CPU.ActiveCfg = Release|Any CPU
		{BFBCCD55-FFC9-4EE1-8E84-1AF52143704A}.Release|Any CPU.Build.0 = Release|Any CPU
		{70C6BF7D-9932-4A6F-BA2D-03A9A61F9DFC}.Debug|Any CPU.ActiveCfg = Debug|Any CPU
		{70C6BF7D-9932-4A6F-BA2D-03A9A61F9DFC}.Debug|Any CPU.Build.0 = Debug|Any CPU
		{70C6BF7D-9932-4A6F-BA2D-03A9A61F9DFC}.Release|Any CPU.ActiveCfg = Release|Any CPU
		{70C6BF7D-9932-4A6F-BA2D-03A9A61F9DFC}.Release|Any CPU.Build.0 = Release|Any CPU
		{E08A9D05-E3C1-4AA1-A93F-97F543397E50}.Debug|Any CPU.ActiveCfg = Debug|Any CPU
		{E08A9D05-E3C1-4AA1-A93F-97F543397E50}.Debug|Any CPU.Build.0 = Debug|Any CPU
		{E08A9D05-E3C1-4AA1-A93F-97F543397E50}.Release|Any CPU.ActiveCfg = Release|Any CPU
		{E08A9D05-E3C1-4AA1-A93F-97F543397E50}.Release|Any CPU.Build.0 = Release|Any CPU
		{78742F4A-B066-4AFE-9353-360A859B722B}.Debug|Any CPU.ActiveCfg = Debug|Any CPU
		{78742F4A-B066-4AFE-9353-360A859B722B}.Debug|Any CPU.Build.0 = Debug|Any CPU
		{78742F4A-B066-4AFE-9353-360A859B722B}.Release|Any CPU.ActiveCfg = Release|Any CPU
		{78742F4A-B066-4AFE-9353-360A859B722B}.Release|Any CPU.Build.0 = Release|Any CPU
		{841D121C-2165-4F6E-8BC4-81B55E6F3B4E}.Debug|Any CPU.ActiveCfg = Debug|Any CPU
		{841D121C-2165-4F6E-8BC4-81B55E6F3B4E}.Debug|Any CPU.Build.0 = Debug|Any CPU
		{841D121C-2165-4F6E-8BC4-81B55E6F3B4E}.Release|Any CPU.ActiveCfg = Release|Any CPU
		{841D121C-2165-4F6E-8BC4-81B55E6F3B4E}.Release|Any CPU.Build.0 = Release|Any CPU
		{F58BA191-FBD2-44D0-ABED-5C1E6D857D3B}.Debug|Any CPU.ActiveCfg = Debug|Any CPU
		{F58BA191-FBD2-44D0-ABED-5C1E6D857D3B}.Debug|Any CPU.Build.0 = Debug|Any CPU
		{F58BA191-FBD2-44D0-ABED-5C1E6D857D3B}.Release|Any CPU.ActiveCfg = Release|Any CPU
		{F58BA191-FBD2-44D0-ABED-5C1E6D857D3B}.Release|Any CPU.Build.0 = Release|Any CPU
		{07947463-E3FB-420F-832C-282EF9806727}.Debug|Any CPU.ActiveCfg = Debug|Any CPU
		{07947463-E3FB-420F-832C-282EF9806727}.Debug|Any CPU.Build.0 = Debug|Any CPU
		{07947463-E3FB-420F-832C-282EF9806727}.Release|Any CPU.ActiveCfg = Release|Any CPU
		{07947463-E3FB-420F-832C-282EF9806727}.Release|Any CPU.Build.0 = Release|Any CPU
		{DE3CA234-5A31-4856-B2DA-3C521E8EB2D1}.Debug|Any CPU.ActiveCfg = Debug|Any CPU
		{DE3CA234-5A31-4856-B2DA-3C521E8EB2D1}.Debug|Any CPU.Build.0 = Debug|Any CPU
		{DE3CA234-5A31-4856-B2DA-3C521E8EB2D1}.Release|Any CPU.ActiveCfg = Release|Any CPU
		{DE3CA234-5A31-4856-B2DA-3C521E8EB2D1}.Release|Any CPU.Build.0 = Release|Any CPU
	EndGlobalSection
	GlobalSection(SolutionProperties) = preSolution
		HideSolutionNode = FALSE
	EndGlobalSection
	GlobalSection(ExtensibilityGlobals) = postSolution
		SolutionGuid = {ECE93230-8EF9-48E6-9642-ABC285CB70E6}
	EndGlobalSection
EndGlobal
