
Microsoft Visual Studio Solution File, Format Version 12.00
# Visual Studio Version 17
VisualStudioVersion = 17.12.35707.178
MinimumVisualStudioVersion = 10.0.40219.1
Project("{FAE04EC0-301F-11D3-BF4B-00C04F79EFBC}") = "CarManufacturer", "CarManufacturer\CarManufacturer.csproj", "{D893EAC0-A147-42BE-9B26-E99A61E2BDFD}"
EndProject
Global
	GlobalSection(SolutionConfigurationPlatforms) = preSolution
		Debug|Any CPU = Debug|Any CPU
		Release|Any CPU = Release|Any CPU
	EndGlobalSection
	GlobalSection(ProjectConfigurationPlatforms) = postSolution
		{D893EAC0-A147-42BE-9B26-E99A61E2BDFD}.Debug|Any CPU.ActiveCfg = Debug|Any CPU
		{D893EAC0-A147-42BE-9B26-E99A61E2BDFD}.Debug|Any CPU.Build.0 = Debug|Any CPU
		{D893EAC0-A147-42BE-9B26-E99A61E2BDFD}.Release|Any CPU.ActiveCfg = Release|Any CPU
		{D893EAC0-A147-42BE-9B26-E99A61E2BDFD}.Release|Any CPU.Build.0 = Release|Any CPU
	EndGlobalSection
	GlobalSection(SolutionProperties) = preSolution
		HideSolutionNode = FALSE
	EndGlobalSection
EndGlobal
