
Microsoft Visual Studio Solution File, Format Version 12.00
# Visual Studio Version 17
VisualStudioVersion = 17.6.33829.357
MinimumVisualStudioVersion = 10.0.40219.1
Project("{FAE04EC0-301F-11D3-BF4B-00C04F79EFBC}") = "ReverseStack", "ReverseStack\ReverseStack.csproj", "{EA028D16-B49D-40A2-82E8-CF347EDB023F}"
EndProject
Project("{FAE04EC0-301F-11D3-BF4B-00C04F79EFBC}") = "StackSum", "StackSum\StackSum.csproj", "{5CD7912A-08E0-40FD-AA5E-844B8F7FC9FD}"
EndProject
Project("{FAE04EC0-301F-11D3-BF4B-00C04F79EFBC}") = "SimpleCalculator", "SimpleCalculator\SimpleCalculator.csproj", "{4BEBA83A-A8B0-4D35-8210-83C3B303089F}"
EndProject
Project("{FAE04EC0-301F-11D3-BF4B-00C04F79EFBC}") = "MatchingBrackets", "MatchingBrackets\MatchingBrackets.csproj", "{B2A62B3E-F4C5-4500-8A6F-47C6AB6B99D1}"
EndProject
Project("{FAE04EC0-301F-11D3-BF4B-00C04F79EFBC}") = "5.PrintEvenNumbers", "5.PrintEvenNumbers\5.PrintEvenNumbers.csproj", "{6A6EEA06-69E8-45D8-A6DE-AF811635EC9A}"
EndProject
Project("{FAE04EC0-301F-11D3-BF4B-00C04F79EFBC}") = "6.Supermarket", "6.Supermarket\6.Supermarket.csproj", "{FD60C897-399B-4C8A-BF92-34DC027B2B4A}"
EndProject
Project("{FAE04EC0-301F-11D3-BF4B-00C04F79EFBC}") = "7.HotPotato", "7.HotPotato\7.HotPotato.csproj", "{ED01C311-E2D1-4E8B-939C-5C18F268EC86}"
EndProject
Project("{FAE04EC0-301F-11D3-BF4B-00C04F79EFBC}") = "8.TrafficJam", "8.TrafficJam\8.TrafficJam.csproj", "{1F936C44-7768-4A4B-8CE9-D20DB083873D}"
EndProject
Global
	GlobalSection(SolutionConfigurationPlatforms) = preSolution
		Debug|Any CPU = Debug|Any CPU
		Release|Any CPU = Release|Any CPU
	EndGlobalSection
	GlobalSection(ProjectConfigurationPlatforms) = postSolution
		{EA028D16-B49D-40A2-82E8-CF347EDB023F}.Debug|Any CPU.ActiveCfg = Debug|Any CPU
		{EA028D16-B49D-40A2-82E8-CF347EDB023F}.Debug|Any CPU.Build.0 = Debug|Any CPU
		{EA028D16-B49D-40A2-82E8-CF347EDB023F}.Release|Any CPU.ActiveCfg = Release|Any CPU
		{EA028D16-B49D-40A2-82E8-CF347EDB023F}.Release|Any CPU.Build.0 = Release|Any CPU
		{5CD7912A-08E0-40FD-AA5E-844B8F7FC9FD}.Debug|Any CPU.ActiveCfg = Debug|Any CPU
		{5CD7912A-08E0-40FD-AA5E-844B8F7FC9FD}.Debug|Any CPU.Build.0 = Debug|Any CPU
		{5CD7912A-08E0-40FD-AA5E-844B8F7FC9FD}.Release|Any CPU.ActiveCfg = Release|Any CPU
		{5CD7912A-08E0-40FD-AA5E-844B8F7FC9FD}.Release|Any CPU.Build.0 = Release|Any CPU
		{4BEBA83A-A8B0-4D35-8210-83C3B303089F}.Debug|Any CPU.ActiveCfg = Debug|Any CPU
		{4BEBA83A-A8B0-4D35-8210-83C3B303089F}.Debug|Any CPU.Build.0 = Debug|Any CPU
		{4BEBA83A-A8B0-4D35-8210-83C3B303089F}.Release|Any CPU.ActiveCfg = Release|Any CPU
		{4BEBA83A-A8B0-4D35-8210-83C3B303089F}.Release|Any CPU.Build.0 = Release|Any CPU
		{B2A62B3E-F4C5-4500-8A6F-47C6AB6B99D1}.Debug|Any CPU.ActiveCfg = Debug|Any CPU
		{B2A62B3E-F4C5-4500-8A6F-47C6AB6B99D1}.Debug|Any CPU.Build.0 = Debug|Any CPU
		{B2A62B3E-F4C5-4500-8A6F-47C6AB6B99D1}.Release|Any CPU.ActiveCfg = Release|Any CPU
		{B2A62B3E-F4C5-4500-8A6F-47C6AB6B99D1}.Release|Any CPU.Build.0 = Release|Any CPU
		{6A6EEA06-69E8-45D8-A6DE-AF811635EC9A}.Debug|Any CPU.ActiveCfg = Debug|Any CPU
		{6A6EEA06-69E8-45D8-A6DE-AF811635EC9A}.Debug|Any CPU.Build.0 = Debug|Any CPU
		{6A6EEA06-69E8-45D8-A6DE-AF811635EC9A}.Release|Any CPU.ActiveCfg = Release|Any CPU
		{6A6EEA06-69E8-45D8-A6DE-AF811635EC9A}.Release|Any CPU.Build.0 = Release|Any CPU
		{FD60C897-399B-4C8A-BF92-34DC027B2B4A}.Debug|Any CPU.ActiveCfg = Debug|Any CPU
		{FD60C897-399B-4C8A-BF92-34DC027B2B4A}.Debug|Any CPU.Build.0 = Debug|Any CPU
		{FD60C897-399B-4C8A-BF92-34DC027B2B4A}.Release|Any CPU.ActiveCfg = Release|Any CPU
		{FD60C897-399B-4C8A-BF92-34DC027B2B4A}.Release|Any CPU.Build.0 = Release|Any CPU
		{ED01C311-E2D1-4E8B-939C-5C18F268EC86}.Debug|Any CPU.ActiveCfg = Debug|Any CPU
		{ED01C311-E2D1-4E8B-939C-5C18F268EC86}.Debug|Any CPU.Build.0 = Debug|Any CPU
		{ED01C311-E2D1-4E8B-939C-5C18F268EC86}.Release|Any CPU.ActiveCfg = Release|Any CPU
		{ED01C311-E2D1-4E8B-939C-5C18F268EC86}.Release|Any CPU.Build.0 = Release|Any CPU
		{1F936C44-7768-4A4B-8CE9-D20DB083873D}.Debug|Any CPU.ActiveCfg = Debug|Any CPU
		{1F936C44-7768-4A4B-8CE9-D20DB083873D}.Debug|Any CPU.Build.0 = Debug|Any CPU
		{1F936C44-7768-4A4B-8CE9-D20DB083873D}.Release|Any CPU.ActiveCfg = Release|Any CPU
		{1F936C44-7768-4A4B-8CE9-D20DB083873D}.Release|Any CPU.Build.0 = Release|Any CPU
	EndGlobalSection
	GlobalSection(SolutionProperties) = preSolution
		HideSolutionNode = FALSE
	EndGlobalSection
	GlobalSection(ExtensibilityGlobals) = postSolution
		SolutionGuid = {4B786868-6796-4C9E-BFB3-A85BC15DF02B}
	EndGlobalSection
EndGlobal
