
Microsoft Visual Studio Solution File, Format Version 12.00
# Visual Studio Version 17
VisualStudioVersion = 17.13.35931.197 d17.13
MinimumVisualStudioVersion = 10.0.40219.1
Project("{FAE04EC0-301F-11D3-BF4B-00C04F79EFBC}") = "01-RecursiveArraySum", "01-RecursiveArraySum\01-RecursiveArraySum.csproj", "{9BB2387F-9C8B-4F43-BFF4-ECE7622315BE}"
EndProject
Project("{FAE04EC0-301F-11D3-BF4B-00C04F79EFBC}") = "2-RecursiveFactorial", "..\2-RecursiveFactorial\2-RecursiveFactorial.csproj", "{2A8FA821-45D9-42AE-8D75-BCD6528343D5}"
EndProject
Global
	GlobalSection(SolutionConfigurationPlatforms) = preSolution
		Debug|Any CPU = Debug|Any CPU
		Release|Any CPU = Release|Any CPU
	EndGlobalSection
	GlobalSection(ProjectConfigurationPlatforms) = postSolution
		{9BB2387F-9C8B-4F43-BFF4-ECE7622315BE}.Debug|Any CPU.ActiveCfg = Debug|Any CPU
		{9BB2387F-9C8B-4F43-BFF4-ECE7622315BE}.Debug|Any CPU.Build.0 = Debug|Any CPU
		{9BB2387F-9C8B-4F43-BFF4-ECE7622315BE}.Release|Any CPU.ActiveCfg = Release|Any CPU
		{9BB2387F-9C8B-4F43-BFF4-ECE7622315BE}.Release|Any CPU.Build.0 = Release|Any CPU
		{2A8FA821-45D9-42AE-8D75-BCD6528343D5}.Debug|Any CPU.ActiveCfg = Debug|Any CPU
		{2A8FA821-45D9-42AE-8D75-BCD6528343D5}.Debug|Any CPU.Build.0 = Debug|Any CPU
		{2A8FA821-45D9-42AE-8D75-BCD6528343D5}.Release|Any CPU.ActiveCfg = Release|Any CPU
		{2A8FA821-45D9-42AE-8D75-BCD6528343D5}.Release|Any CPU.Build.0 = Release|Any CPU
	EndGlobalSection
	GlobalSection(SolutionProperties) = preSolution
		HideSolutionNode = FALSE
	EndGlobalSection
	GlobalSection(ExtensibilityGlobals) = postSolution
		SolutionGuid = {7639AEAA-F87A-4B7B-BE78-DE6EE1172997}
	EndGlobalSection
EndGlobal
