
Microsoft Visual Studio Solution File, Format Version 12.00
# Visual Studio Version 17
VisualStudioVersion = 17.9.34728.123
MinimumVisualStudioVersion = 10.0.40219.1
Project("{9A19103F-16F7-4668-BE54-9A1E7A4F7556}") = "L01-SortEvenNumbers", "L01-SortEvenNumbers\L01-SortEvenNumbers.csproj", "{19C18FA9-820D-4327-8E40-ADA60A1BD399}"
EndProject
Project("{9A19103F-16F7-4668-BE54-9A1E7A4F7556}") = "L02-SumNumbers", "L02-SumNumbers\L02-SumNumbers.csproj", "{23A9B70A-C95D-4010-A24E-0240C884094D}"
EndProject
Project("{9A19103F-16F7-4668-BE54-9A1E7A4F7556}") = "L03-CountUppercaseWords", "L03-CountUppercaseWords\L03-CountUppercaseWords.csproj", "{39777242-0DF3-424B-8972-00F595C0F234}"
EndProject
Project("{FAE04EC0-301F-11D3-BF4B-00C04F79EFBC}") = "L04-AddVAT", "L04-AddVAT\L04-AddVAT.csproj", "{979A6C5A-DC4C-4146-99C6-D2C1A09FC794}"
EndProject
Project("{FAE04EC0-301F-11D3-BF4B-00C04F79EFBC}") = "L05-FilterByAge", "L05-FilterByAge\L05-FilterByAge.csproj", "{BA69A917-4CF6-4B3F-A054-59C73B4A029B}"
EndProject
Global
	GlobalSection(SolutionConfigurationPlatforms) = preSolution
		Debug|Any CPU = Debug|Any CPU
		Release|Any CPU = Release|Any CPU
	EndGlobalSection
	GlobalSection(ProjectConfigurationPlatforms) = postSolution
		{19C18FA9-820D-4327-8E40-ADA60A1BD399}.Debug|Any CPU.ActiveCfg = Debug|Any CPU
		{19C18FA9-820D-4327-8E40-ADA60A1BD399}.Debug|Any CPU.Build.0 = Debug|Any CPU
		{19C18FA9-820D-4327-8E40-ADA60A1BD399}.Release|Any CPU.ActiveCfg = Release|Any CPU
		{19C18FA9-820D-4327-8E40-ADA60A1BD399}.Release|Any CPU.Build.0 = Release|Any CPU
		{23A9B70A-C95D-4010-A24E-0240C884094D}.Debug|Any CPU.ActiveCfg = Debug|Any CPU
		{23A9B70A-C95D-4010-A24E-0240C884094D}.Debug|Any CPU.Build.0 = Debug|Any CPU
		{23A9B70A-C95D-4010-A24E-0240C884094D}.Release|Any CPU.ActiveCfg = Release|Any CPU
		{23A9B70A-C95D-4010-A24E-0240C884094D}.Release|Any CPU.Build.0 = Release|Any CPU
		{39777242-0DF3-424B-8972-00F595C0F234}.Debug|Any CPU.ActiveCfg = Debug|Any CPU
		{39777242-0DF3-424B-8972-00F595C0F234}.Debug|Any CPU.Build.0 = Debug|Any CPU
		{39777242-0DF3-424B-8972-00F595C0F234}.Release|Any CPU.ActiveCfg = Release|Any CPU
		{39777242-0DF3-424B-8972-00F595C0F234}.Release|Any CPU.Build.0 = Release|Any CPU
		{979A6C5A-DC4C-4146-99C6-D2C1A09FC794}.Debug|Any CPU.ActiveCfg = Debug|Any CPU
		{979A6C5A-DC4C-4146-99C6-D2C1A09FC794}.Debug|Any CPU.Build.0 = Debug|Any CPU
		{979A6C5A-DC4C-4146-99C6-D2C1A09FC794}.Release|Any CPU.ActiveCfg = Release|Any CPU
		{979A6C5A-DC4C-4146-99C6-D2C1A09FC794}.Release|Any CPU.Build.0 = Release|Any CPU
		{BA69A917-4CF6-4B3F-A054-59C73B4A029B}.Debug|Any CPU.ActiveCfg = Debug|Any CPU
		{BA69A917-4CF6-4B3F-A054-59C73B4A029B}.Debug|Any CPU.Build.0 = Debug|Any CPU
		{BA69A917-4CF6-4B3F-A054-59C73B4A029B}.Release|Any CPU.ActiveCfg = Release|Any CPU
		{BA69A917-4CF6-4B3F-A054-59C73B4A029B}.Release|Any CPU.Build.0 = Release|Any CPU
	EndGlobalSection
	GlobalSection(SolutionProperties) = preSolution
		HideSolutionNode = FALSE
	EndGlobalSection
	GlobalSection(ExtensibilityGlobals) = postSolution
		SolutionGuid = {E02EFF24-7952-478D-86E9-8490C0D48EFD}
	EndGlobalSection
EndGlobal
