
Microsoft Visual Studio Solution File, Format Version 12.00
# Visual Studio Version 17
VisualStudioVersion = 17.9.34728.123
MinimumVisualStudioVersion = 10.0.40219.1
Project("{9A19103F-16F7-4668-BE54-9A1E7A4F7556}") = "L01-SortEvenNumbers", "L01-SortEvenNumbers\L01-SortEvenNumbers.csproj", "{19C18FA9-820D-4327-8E40-ADA60A1BD399}"
EndProject
Project("{9A19103F-16F7-4668-BE54-9A1E7A4F7556}") = "L02-SumNumbers", "L02-SumNumbers\L02-SumNumbers.csproj", "{23A9B70A-C95D-4010-A24E-0240C884094D}"
EndProject
Project("{9A19103F-16F7-4668-BE54-9A1E7A4F7556}") = "L03-CountUppercaseWords", "L03-CountUppercaseWords\L03-CountUppercaseWords.csproj", "{39777242-0DF3-424B-8972-00F595C0F234}"
EndProject
Project("{9A19103F-16F7-4668-BE54-9A1E7A4F7556}") = "L04-AddVAT", "L04-AddVAT\L04-AddVAT.csproj", "{979A6C5A-DC4C-4146-99C6-D2C1A09FC794}"
EndProject
Project("{9A19103F-16F7-4668-BE54-9A1E7A4F7556}") = "L05-FilterByAge", "L05-FilterByAge\L05-FilterByAge.csproj", "{BA69A917-4CF6-4B3F-A054-59C73B4A029B}"
EndProject
Project("{9A19103F-16F7-4668-BE54-9A1E7A4F7556}") = "EX01-ActionPoint", "EX01-ActionPoint\EX01-ActionPoint.csproj", "{22D96122-876A-4680-B8CA-C54B4EFBBB52}"
EndProject
Project("{9A19103F-16F7-4668-BE54-9A1E7A4F7556}") = "EX02-2.KnightsofHonor", "EX02-2.KnightsofHonor\EX02-2.KnightsofHonor.csproj", "{DCF0F6A1-6657-4B8E-B4AF-ADA2C96E9992}"
EndProject
Project("{9A19103F-16F7-4668-BE54-9A1E7A4F7556}") = "EX03-CustomMinFunction", "EX03-CustomMinFunction\EX03-CustomMinFunction.csproj", "{744049F1-9A31-4934-94A1-96038EC127AE}"
EndProject
Project("{9A19103F-16F7-4668-BE54-9A1E7A4F7556}") = "EX04-FindEvensorOdds", "EX04-FindEvensorOdds\EX04-FindEvensorOdds.csproj", "{29D6B07C-5B72-48A0-86D5-4A7ECF9220D1}"
EndProject
Project("{FAE04EC0-301F-11D3-BF4B-00C04F79EFBC}") = "EX05-AppliedArithmetics", "EX05-AppliedArithmetics\EX05-AppliedArithmetics.csproj", "{0363329C-3E72-42FD-9930-E4C6CF4E047B}"
EndProject
Project("{FAE04EC0-301F-11D3-BF4B-00C04F79EFBC}") = "EX06-ReverseandExclude", "EX06-ReverseandExclude\EX06-ReverseandExclude.csproj", "{34F62F49-6D45-45C3-AE53-D5177BF0E0BB}"
EndProject
Project("{FAE04EC0-301F-11D3-BF4B-00C04F79EFBC}") = "EX07-PredicateforNames", "EX07-PredicateforNames\EX07-PredicateforNames.csproj", "{ADB04383-E44F-4BB2-AD16-9011E62786FE}"
EndProject
Project("{FAE04EC0-301F-11D3-BF4B-00C04F79EFBC}") = "EX08-ListofPredicates", "EX08-ListofPredicates\EX08-ListofPredicates.csproj", "{2B1B272C-C03E-4244-BF2A-8C9EEC3E9CDE}"
EndProject
Global
	GlobalSection(SolutionConfigurationPlatforms) = preSolution
		Debug|Any CPU = Debug|Any CPU
		Release|Any CPU = Release|Any CPU
	EndGlobalSection
	GlobalSection(ProjectConfigurationPlatforms) = postSolution
		{19C18FA9-820D-4327-8E40-ADA60A1BD399}.Debug|Any CPU.ActiveCfg = Debug|Any CPU
		{19C18FA9-820D-4327-8E40-ADA60A1BD399}.Debug|Any CPU.Build.0 = Debug|Any CPU
		{19C18FA9-820D-4327-8E40-ADA60A1BD399}.Release|Any CPU.ActiveCfg = Release|Any CPU
		{19C18FA9-820D-4327-8E40-ADA60A1BD399}.Release|Any CPU.Build.0 = Release|Any CPU
		{23A9B70A-C95D-4010-A24E-0240C884094D}.Debug|Any CPU.ActiveCfg = Debug|Any CPU
		{23A9B70A-C95D-4010-A24E-0240C884094D}.Debug|Any CPU.Build.0 = Debug|Any CPU
		{23A9B70A-C95D-4010-A24E-0240C884094D}.Release|Any CPU.ActiveCfg = Release|Any CPU
		{23A9B70A-C95D-4010-A24E-0240C884094D}.Release|Any CPU.Build.0 = Release|Any CPU
		{39777242-0DF3-424B-8972-00F595C0F234}.Debug|Any CPU.ActiveCfg = Debug|Any CPU
		{39777242-0DF3-424B-8972-00F595C0F234}.Debug|Any CPU.Build.0 = Debug|Any CPU
		{39777242-0DF3-424B-8972-00F595C0F234}.Release|Any CPU.ActiveCfg = Release|Any CPU
		{39777242-0DF3-424B-8972-00F595C0F234}.Release|Any CPU.Build.0 = Release|Any CPU
		{979A6C5A-DC4C-4146-99C6-D2C1A09FC794}.Debug|Any CPU.ActiveCfg = Debug|Any CPU
		{979A6C5A-DC4C-4146-99C6-D2C1A09FC794}.Debug|Any CPU.Build.0 = Debug|Any CPU
		{979A6C5A-DC4C-4146-99C6-D2C1A09FC794}.Release|Any CPU.ActiveCfg = Release|Any CPU
		{979A6C5A-DC4C-4146-99C6-D2C1A09FC794}.Release|Any CPU.Build.0 = Release|Any CPU
		{BA69A917-4CF6-4B3F-A054-59C73B4A029B}.Debug|Any CPU.ActiveCfg = Debug|Any CPU
		{BA69A917-4CF6-4B3F-A054-59C73B4A029B}.Debug|Any CPU.Build.0 = Debug|Any CPU
		{BA69A917-4CF6-4B3F-A054-59C73B4A029B}.Release|Any CPU.ActiveCfg = Release|Any CPU
		{BA69A917-4CF6-4B3F-A054-59C73B4A029B}.Release|Any CPU.Build.0 = Release|Any CPU
		{22D96122-876A-4680-B8CA-C54B4EFBBB52}.Debug|Any CPU.ActiveCfg = Debug|Any CPU
		{22D96122-876A-4680-B8CA-C54B4EFBBB52}.Debug|Any CPU.Build.0 = Debug|Any CPU
		{22D96122-876A-4680-B8CA-C54B4EFBBB52}.Release|Any CPU.ActiveCfg = Release|Any CPU
		{22D96122-876A-4680-B8CA-C54B4EFBBB52}.Release|Any CPU.Build.0 = Release|Any CPU
		{DCF0F6A1-6657-4B8E-B4AF-ADA2C96E9992}.Debug|Any CPU.ActiveCfg = Debug|Any CPU
		{DCF0F6A1-6657-4B8E-B4AF-ADA2C96E9992}.Debug|Any CPU.Build.0 = Debug|Any CPU
		{DCF0F6A1-6657-4B8E-B4AF-ADA2C96E9992}.Release|Any CPU.ActiveCfg = Release|Any CPU
		{DCF0F6A1-6657-4B8E-B4AF-ADA2C96E9992}.Release|Any CPU.Build.0 = Release|Any CPU
		{744049F1-9A31-4934-94A1-96038EC127AE}.Debug|Any CPU.ActiveCfg = Debug|Any CPU
		{744049F1-9A31-4934-94A1-96038EC127AE}.Debug|Any CPU.Build.0 = Debug|Any CPU
		{744049F1-9A31-4934-94A1-96038EC127AE}.Release|Any CPU.ActiveCfg = Release|Any CPU
		{744049F1-9A31-4934-94A1-96038EC127AE}.Release|Any CPU.Build.0 = Release|Any CPU
		{29D6B07C-5B72-48A0-86D5-4A7ECF9220D1}.Debug|Any CPU.ActiveCfg = Debug|Any CPU
		{29D6B07C-5B72-48A0-86D5-4A7ECF9220D1}.Debug|Any CPU.Build.0 = Debug|Any CPU
		{29D6B07C-5B72-48A0-86D5-4A7ECF9220D1}.Release|Any CPU.ActiveCfg = Release|Any CPU
		{29D6B07C-5B72-48A0-86D5-4A7ECF9220D1}.Release|Any CPU.Build.0 = Release|Any CPU
		{0363329C-3E72-42FD-9930-E4C6CF4E047B}.Debug|Any CPU.ActiveCfg = Debug|Any CPU
		{0363329C-3E72-42FD-9930-E4C6CF4E047B}.Debug|Any CPU.Build.0 = Debug|Any CPU
		{0363329C-3E72-42FD-9930-E4C6CF4E047B}.Release|Any CPU.ActiveCfg = Release|Any CPU
		{0363329C-3E72-42FD-9930-E4C6CF4E047B}.Release|Any CPU.Build.0 = Release|Any CPU
		{34F62F49-6D45-45C3-AE53-D5177BF0E0BB}.Debug|Any CPU.ActiveCfg = Debug|Any CPU
		{34F62F49-6D45-45C3-AE53-D5177BF0E0BB}.Debug|Any CPU.Build.0 = Debug|Any CPU
		{34F62F49-6D45-45C3-AE53-D5177BF0E0BB}.Release|Any CPU.ActiveCfg = Release|Any CPU
		{34F62F49-6D45-45C3-AE53-D5177BF0E0BB}.Release|Any CPU.Build.0 = Release|Any CPU
		{ADB04383-E44F-4BB2-AD16-9011E62786FE}.Debug|Any CPU.ActiveCfg = Debug|Any CPU
		{ADB04383-E44F-4BB2-AD16-9011E62786FE}.Debug|Any CPU.Build.0 = Debug|Any CPU
		{ADB04383-E44F-4BB2-AD16-9011E62786FE}.Release|Any CPU.ActiveCfg = Release|Any CPU
		{ADB04383-E44F-4BB2-AD16-9011E62786FE}.Release|Any CPU.Build.0 = Release|Any CPU
		{2B1B272C-C03E-4244-BF2A-8C9EEC3E9CDE}.Debug|Any CPU.ActiveCfg = Debug|Any CPU
		{2B1B272C-C03E-4244-BF2A-8C9EEC3E9CDE}.Debug|Any CPU.Build.0 = Debug|Any CPU
		{2B1B272C-C03E-4244-BF2A-8C9EEC3E9CDE}.Release|Any CPU.ActiveCfg = Release|Any CPU
		{2B1B272C-C03E-4244-BF2A-8C9EEC3E9CDE}.Release|Any CPU.Build.0 = Release|Any CPU
	EndGlobalSection
	GlobalSection(SolutionProperties) = preSolution
		HideSolutionNode = FALSE
	EndGlobalSection
	GlobalSection(ExtensibilityGlobals) = postSolution
		SolutionGuid = {E02EFF24-7952-478D-86E9-8490C0D48EFD}
	EndGlobalSection
EndGlobal
